{
  "name": "bilibili-auto",
  "version": "1.0.0",
  "lockfileVersion": 3,
  "requires": true,
  "packages": {
    "": {
      "name": "bilibili-auto",
      "version": "1.0.0",
      "license": "MIT",
      "dependencies": {
        "axios": "^1.6.0"
      }
    },
    "node_modules/axios": {
      "version": "1.6.5",
      "resolved": "https://registry.npmjs.org/axios/-/axios-1.6.5.tgz",
      "integrity": "sha512-naSnLbYzWdrKb0QK9PzPMSJZCAqIAsxOV+w2JLaGv3Wjd2Wfn9H3r/UKbxdj8cvx5qJhLqDTtpKYyJ0VXmBdEA==",
      "engines": {
        "node": ">= 4"
      },
      "dependencies": {
        "follow-redirects": "^1.7.0"
      }
    },
    "node_modules/follow-redirects": {
      "version": "1.15.6",
      "resolved": "https://registry.npmjs.org/follow-redirects/-/follow-redirects-1.15.6.tgz",
      "integrity": "sha512-wWN62YIklnzqcaonwysKMd92aXCONExcIllEsLKSUK2DHucQJUxlFSY4RB6ZVZqHZtBc2R36e0DjM3RfppZJ7A==",
      "engines": {
        "node": ">=4.0"
      },
      "peerDependencies": {
        "debug": "*"
      },
      "peerDependenciesOptional": true
    }
  }
}
